
Microsoft Visual Studio Solution File, Format Version 12.00
# Visual Studio Version 17
VisualStudioVersion = 17.4.33110.190
MinimumVisualStudioVersion = 10.0.40219.1
Project("{9A19103F-16F7-4668-BE54-9A1E7A4F7556}") = "Consumer", "Consumer\Consumer.csproj", "{A46390B5-E146-44FE-9C83-A3E93D784372}"
EndProject
Project("{9A19103F-16F7-4668-BE54-9A1E7A4F7556}") = "LibA", "LibA\LibA.csproj", "{2AB38C88-F205-40FD-8BCD-0B123B5ADF6B}"
EndProject
Project("{9A19103F-16F7-4668-BE54-9A1E7A4F7556}") = "LibB", "LibB\LibB.csproj", "{B10041A2-82BC-43E8-B775-4074B7509A51}"
EndProject
Project("{9A19103F-16F7-4668-BE54-9A1E7A4F7556}") = "LibC", "LibC\LibC.csproj", "{351FF20E-1D33-4692-8683-74AC9FE6F957}"
EndProject
Project("{FAE04EC0-301F-11D3-BF4B-00C04F79EFBC}") = "LibATests", "Tests\LibATests\LibATests.csproj", "{9B462F66-7FF2-4C0E-8AEC-0553E45DA6C2}"
EndProject
Project("{2150E333-8FDC-42A3-9474-1A3956D46DE8}") = "Tests", "Tests", "{E1589C3C-3734-46F0-8C55-B36416F650D5}"
EndProject
Project("{9A19103F-16F7-4668-BE54-9A1E7A4F7556}") = "LibBTests", "Tests\LibBTests\LibBTests.csproj", "{033D25D2-C970-4787-AFD1-D5F3DC154F4D}"
EndProject
Project("{9A19103F-16F7-4668-BE54-9A1E7A4F7556}") = "LibCTests", "Tests\LibCTests\LibCTests.csproj", "{8B19D75D-005F-4205-A0D8-4DEB56EDD47A}"
EndProject
Global
	GlobalSection(SolutionConfigurationPlatforms) = preSolution
		Debug|Any CPU = Debug|Any CPU
		Release|Any CPU = Release|Any CPU
	EndGlobalSection
	GlobalSection(ProjectConfigurationPlatforms) = postSolution
		{A46390B5-E146-44FE-9C83-A3E93D784372}.Debug|Any CPU.ActiveCfg = Debug|Any CPU
		{A46390B5-E146-44FE-9C83-A3E93D784372}.Debug|Any CPU.Build.0 = Debug|Any CPU
		{A46390B5-E146-44FE-9C83-A3E93D784372}.Release|Any CPU.ActiveCfg = Release|Any CPU
		{A46390B5-E146-44FE-9C83-A3E93D784372}.Release|Any CPU.Build.0 = Release|Any CPU
		{2AB38C88-F205-40FD-8BCD-0B123B5ADF6B}.Debug|Any CPU.ActiveCfg = Debug|Any CPU
		{2AB38C88-F205-40FD-8BCD-0B123B5ADF6B}.Debug|Any CPU.Build.0 = Debug|Any CPU
		{2AB38C88-F205-40FD-8BCD-0B123B5ADF6B}.Release|Any CPU.ActiveCfg = Release|Any CPU
		{2AB38C88-F205-40FD-8BCD-0B123B5ADF6B}.Release|Any CPU.Build.0 = Release|Any CPU
		{B10041A2-82BC-43E8-B775-4074B7509A51}.Debug|Any CPU.ActiveCfg = Debug|Any CPU
		{B10041A2-82BC-43E8-B775-4074B7509A51}.Debug|Any CPU.Build.0 = Debug|Any CPU
		{B10041A2-82BC-43E8-B775-4074B7509A51}.Release|Any CPU.ActiveCfg = Release|Any CPU
		{B10041A2-82BC-43E8-B775-4074B7509A51}.Release|Any CPU.Build.0 = Release|Any CPU
		{351FF20E-1D33-4692-8683-74AC9FE6F957}.Debug|Any CPU.ActiveCfg = Debug|Any CPU
		{351FF20E-1D33-4692-8683-74AC9FE6F957}.Debug|Any CPU.Build.0 = Debug|Any CPU
		{351FF20E-1D33-4692-8683-74AC9FE6F957}.Release|Any CPU.ActiveCfg = Release|Any CPU
		{351FF20E-1D33-4692-8683-74AC9FE6F957}.Release|Any CPU.Build.0 = Release|Any CPU
		{9B462F66-7FF2-4C0E-8AEC-0553E45DA6C2}.Debug|Any CPU.ActiveCfg = Debug|Any CPU
		{9B462F66-7FF2-4C0E-8AEC-0553E45DA6C2}.Debug|Any CPU.Build.0 = Debug|Any CPU
		{9B462F66-7FF2-4C0E-8AEC-0553E45DA6C2}.Release|Any CPU.ActiveCfg = Release|Any CPU
		{9B462F66-7FF2-4C0E-8AEC-0553E45DA6C2}.Release|Any CPU.Build.0 = Release|Any CPU
		{033D25D2-C970-4787-AFD1-D5F3DC154F4D}.Debug|Any CPU.ActiveCfg = Debug|Any CPU
		{033D25D2-C970-4787-AFD1-D5F3DC154F4D}.Debug|Any CPU.Build.0 = Debug|Any CPU
		{033D25D2-C970-4787-AFD1-D5F3DC154F4D}.Release|Any CPU.ActiveCfg = Release|Any CPU
		{033D25D2-C970-4787-AFD1-D5F3DC154F4D}.Release|Any CPU.Build.0 = Release|Any CPU
		{8B19D75D-005F-4205-A0D8-4DEB56EDD47A}.Debug|Any CPU.ActiveCfg = Debug|Any CPU
		{8B19D75D-005F-4205-A0D8-4DEB56EDD47A}.Debug|Any CPU.Build.0 = Debug|Any CPU
		{8B19D75D-005F-4205-A0D8-4DEB56EDD47A}.Release|Any CPU.ActiveCfg = Release|Any CPU
		{8B19D75D-005F-4205-A0D8-4DEB56EDD47A}.Release|Any CPU.Build.0 = Release|Any CPU
	EndGlobalSection
	GlobalSection(SolutionProperties) = preSolution
		HideSolutionNode = FALSE
	EndGlobalSection
	GlobalSection(NestedProjects) = preSolution
		{9B462F66-7FF2-4C0E-8AEC-0553E45DA6C2} = {E1589C3C-3734-46F0-8C55-B36416F650D5}
		{033D25D2-C970-4787-AFD1-D5F3DC154F4D} = {E1589C3C-3734-46F0-8C55-B36416F650D5}
		{8B19D75D-005F-4205-A0D8-4DEB56EDD47A} = {E1589C3C-3734-46F0-8C55-B36416F650D5}
	EndGlobalSection
	GlobalSection(ExtensibilityGlobals) = postSolution
		SolutionGuid = {628DA7E3-2E29-4772-ABC2-52EE94047924}
	EndGlobalSection
EndGlobal
